
Microsoft Visual Studio Solution File, Format Version 12.00
# Visual Studio Version 17
VisualStudioVersion = 17.6.33717.318
MinimumVisualStudioVersion = 10.0.40219.1
Project("{FAE04EC0-301F-11D3-BF4B-00C04F79EFBC}") = "MyFirstConsoleApp", "MyFirstConsoleApp\MyFirstConsoleApp.csproj", "{BF2DA67F-0755-4BAD-886E-B283C0BCC2B9}"
EndProject
Project("{FAE04EC0-301F-11D3-BF4B-00C04F79EFBC}") = "MyFirstClassLibraryRenamedAgain", "MyFirstClassLibrary\MyFirstClassLibraryRenamedAgain.csproj", "{8C8A5176-7D3C-45AE-8BF9-3CE681EDFFF7}"
EndProject
Project("{FAE04EC0-301F-11D3-BF4B-00C04F79EFBC}") = "MySecondClassLibrary", "MySecondClassLibrary\MySecondClassLibrary.csproj", "{CE12583D-F538-4686-885D-D391E42F6DFC}"
EndProject
Project("{2150E333-8FDC-42A3-9474-1A3956D46DE8}") = "solucionesRenamed", "solucionesRenamed", "{04561612-8F12-4E70-ACCE-BDCF30150C13}"
EndProject
Global
	GlobalSection(SolutionConfigurationPlatforms) = preSolution
		Debug|Any CPU = Debug|Any CPU
		Release|Any CPU = Release|Any CPU
	EndGlobalSection
	GlobalSection(ProjectConfigurationPlatforms) = postSolution
		{BF2DA67F-0755-4BAD-886E-B283C0BCC2B9}.Debug|Any CPU.ActiveCfg = Debug|Any CPU
		{BF2DA67F-0755-4BAD-886E-B283C0BCC2B9}.Debug|Any CPU.Build.0 = Debug|Any CPU
		{BF2DA67F-0755-4BAD-886E-B283C0BCC2B9}.Release|Any CPU.ActiveCfg = Release|Any CPU
		{BF2DA67F-0755-4BAD-886E-B283C0BCC2B9}.Release|Any CPU.Build.0 = Release|Any CPU
		{8C8A5176-7D3C-45AE-8BF9-3CE681EDFFF7}.Debug|Any CPU.ActiveCfg = Debug|Any CPU
		{8C8A5176-7D3C-45AE-8BF9-3CE681EDFFF7}.Debug|Any CPU.Build.0 = Debug|Any CPU
		{8C8A5176-7D3C-45AE-8BF9-3CE681EDFFF7}.Release|Any CPU.ActiveCfg = Release|Any CPU
		{8C8A5176-7D3C-45AE-8BF9-3CE681EDFFF7}.Release|Any CPU.Build.0 = Release|Any CPU
		{CE12583D-F538-4686-885D-D391E42F6DFC}.Debug|Any CPU.ActiveCfg = Debug|Any CPU
		{CE12583D-F538-4686-885D-D391E42F6DFC}.Debug|Any CPU.Build.0 = Debug|Any CPU
		{CE12583D-F538-4686-885D-D391E42F6DFC}.Release|Any CPU.ActiveCfg = Release|Any CPU
		{CE12583D-F538-4686-885D-D391E42F6DFC}.Release|Any CPU.Build.0 = Release|Any CPU
	EndGlobalSection
	GlobalSection(SolutionProperties) = preSolution
		HideSolutionNode = FALSE
	EndGlobalSection
	GlobalSection(NestedProjects) = preSolution
		{BF2DA67F-0755-4BAD-886E-B283C0BCC2B9} = {04561612-8F12-4E70-ACCE-BDCF30150C13}
	EndGlobalSection
	GlobalSection(ExtensibilityGlobals) = postSolution
		SolutionGuid = {B99555AE-F402-4C71-AFF3-0EB88B200873}
	EndGlobalSection
EndGlobal
